
Microsoft Visual Studio Solution File, Format Version 12.00
# Visual Studio Version 17
VisualStudioVersion = 17.13.35931.197 d17.13
MinimumVisualStudioVersion = 10.0.40219.1
Project("{FAE04EC0-301F-11D3-BF4B-00C04F79EFBC}") = "Bookings", "Bookings\Bookings.csproj", "{193B74EC-7DE9-4DE0-88B9-B371187564B0}"
EndProject
Project("{FAE04EC0-301F-11D3-BF4B-00C04F79EFBC}") = "Data", "Data\Data.csproj", "{8D7E8C88-5FA5-4FC7-88C4-FD4513D00A49}"
EndProject
Project("{FAE04EC0-301F-11D3-BF4B-00C04F79EFBC}") = "Business", "Business\Business.csproj", "{631659AB-4A4E-4E6B-A2D5-69EF3EF135A7}"
EndProject
Global
	GlobalSection(SolutionConfigurationPlatforms) = preSolution
		Debug|Any CPU = Debug|Any CPU
		Release|Any CPU = Release|Any CPU
	EndGlobalSection
	GlobalSection(ProjectConfigurationPlatforms) = postSolution
		{193B74EC-7DE9-4DE0-88B9-B371187564B0}.Debug|Any CPU.ActiveCfg = Debug|Any CPU
		{193B74EC-7DE9-4DE0-88B9-B371187564B0}.Debug|Any CPU.Build.0 = Debug|Any CPU
		{193B74EC-7DE9-4DE0-88B9-B371187564B0}.Release|Any CPU.ActiveCfg = Release|Any CPU
		{193B74EC-7DE9-4DE0-88B9-B371187564B0}.Release|Any CPU.Build.0 = Release|Any CPU
		{8D7E8C88-5FA5-4FC7-88C4-FD4513D00A49}.Debug|Any CPU.ActiveCfg = Debug|Any CPU
		{8D7E8C88-5FA5-4FC7-88C4-FD4513D00A49}.Debug|Any CPU.Build.0 = Debug|Any CPU
		{8D7E8C88-5FA5-4FC7-88C4-FD4513D00A49}.Release|Any CPU.ActiveCfg = Release|Any CPU
		{8D7E8C88-5FA5-4FC7-88C4-FD4513D00A49}.Release|Any CPU.Build.0 = Release|Any CPU
		{631659AB-4A4E-4E6B-A2D5-69EF3EF135A7}.Debug|Any CPU.ActiveCfg = Debug|Any CPU
		{631659AB-4A4E-4E6B-A2D5-69EF3EF135A7}.Debug|Any CPU.Build.0 = Debug|Any CPU
		{631659AB-4A4E-4E6B-A2D5-69EF3EF135A7}.Release|Any CPU.ActiveCfg = Release|Any CPU
		{631659AB-4A4E-4E6B-A2D5-69EF3EF135A7}.Release|Any CPU.Build.0 = Release|Any CPU
	EndGlobalSection
	GlobalSection(SolutionProperties) = preSolution
		HideSolutionNode = FALSE
	EndGlobalSection
	GlobalSection(ExtensibilityGlobals) = postSolution
		SolutionGuid = {F5EA2528-59E6-462D-A626-D31026051C4D}
	EndGlobalSection
EndGlobal
